
Microsoft Visual Studio Solution File, Format Version 12.00
# Visual Studio Version 17
VisualStudioVersion = 17.0.31903.59
MinimumVisualStudioVersion = 10.0.40219.1
Project("{FAE04EC0-301F-11D3-BF4B-00C04F79EFBC}") = "ConsoleApp1", "ConsoleApp1\ConsoleApp1.csproj", "{15F4D217-723A-457F-8269-F5F9EB98844F}"
EndProject
Project("{FAE04EC0-301F-11D3-BF4B-00C04F79EFBC}") = "Foobar", "Foobar\Foobar.csproj", "{A753B3F1-E51C-4890-9289-D9F5EC1D2D83}"
EndProject
Global
	GlobalSection(SolutionConfigurationPlatforms) = preSolution
		Debug|Any CPU = Debug|Any CPU
		Debug|x64 = Debug|x64
		Debug|x86 = Debug|x86
		Release|Any CPU = Release|Any CPU
		Release|x64 = Release|x64
		Release|x86 = Release|x86
	EndGlobalSection
	GlobalSection(ProjectConfigurationPlatforms) = postSolution
		{15F4D217-723A-457F-8269-F5F9EB98844F}.Debug|Any CPU.ActiveCfg = Debug|Any CPU
		{15F4D217-723A-457F-8269-F5F9EB98844F}.Debug|Any CPU.Build.0 = Debug|Any CPU
		{15F4D217-723A-457F-8269-F5F9EB98844F}.Debug|x64.ActiveCfg = Debug|Any CPU
		{15F4D217-723A-457F-8269-F5F9EB98844F}.Debug|x64.Build.0 = Debug|Any CPU
		{15F4D217-723A-457F-8269-F5F9EB98844F}.Debug|x86.ActiveCfg = Debug|Any CPU
		{15F4D217-723A-457F-8269-F5F9EB98844F}.Debug|x86.Build.0 = Debug|Any CPU
		{15F4D217-723A-457F-8269-F5F9EB98844F}.Release|Any CPU.ActiveCfg = Release|Any CPU
		{15F4D217-723A-457F-8269-F5F9EB98844F}.Release|Any CPU.Build.0 = Release|Any CPU
		{15F4D217-723A-457F-8269-F5F9EB98844F}.Release|x64.ActiveCfg = Release|Any CPU
		{15F4D217-723A-457F-8269-F5F9EB98844F}.Release|x64.Build.0 = Release|Any CPU
		{15F4D217-723A-457F-8269-F5F9EB98844F}.Release|x86.ActiveCfg = Release|Any CPU
		{15F4D217-723A-457F-8269-F5F9EB98844F}.Release|x86.Build.0 = Release|Any CPU
		{A753B3F1-E51C-4890-9289-D9F5EC1D2D83}.Debug|Any CPU.ActiveCfg = Debug|Any CPU
		{A753B3F1-E51C-4890-9289-D9F5EC1D2D83}.Debug|Any CPU.Build.0 = Debug|Any CPU
		{A753B3F1-E51C-4890-9289-D9F5EC1D2D83}.Debug|x64.ActiveCfg = Debug|Any CPU
		{A753B3F1-E51C-4890-9289-D9F5EC1D2D83}.Debug|x64.Build.0 = Debug|Any CPU
		{A753B3F1-E51C-4890-9289-D9F5EC1D2D83}.Debug|x86.ActiveCfg = Debug|Any CPU
		{A753B3F1-E51C-4890-9289-D9F5EC1D2D83}.Debug|x86.Build.0 = Debug|Any CPU
		{A753B3F1-E51C-4890-9289-D9F5EC1D2D83}.Release|Any CPU.ActiveCfg = Release|Any CPU
		{A753B3F1-E51C-4890-9289-D9F5EC1D2D83}.Release|Any CPU.Build.0 = Release|Any CPU
		{A753B3F1-E51C-4890-9289-D9F5EC1D2D83}.Release|x64.ActiveCfg = Release|Any CPU
		{A753B3F1-E51C-4890-9289-D9F5EC1D2D83}.Release|x64.Build.0 = Release|Any CPU
		{A753B3F1-E51C-4890-9289-D9F5EC1D2D83}.Release|x86.ActiveCfg = Release|Any CPU
		{A753B3F1-E51C-4890-9289-D9F5EC1D2D83}.Release|x86.Build.0 = Release|Any CPU
	EndGlobalSection
	GlobalSection(SolutionProperties) = preSolution
		HideSolutionNode = FALSE
	EndGlobalSection
EndGlobal
