
Microsoft Visual Studio Solution File, Format Version 12.00
# Visual Studio Version 17
VisualStudioVersion = 17.0.31903.59
MinimumVisualStudioVersion = 10.0.40219.1
Project("{FAE04EC0-301F-11D3-BF4B-00C04F79EFBC}") = "ConsoleApp1", "ConsoleApp1\ConsoleApp1.csproj", "{15F4D217-723A-457F-8269-F5F9EB98844F}"
EndProject
Project("{FAE04EC0-301F-11D3-BF4B-00C04F79EFBC}") = "Foobar", "Foobar\Foobar.csproj", "{A753B3F1-E51C-4890-9289-D9F5EC1D2D83}"
EndProject
Project("{FAE04EC0-301F-11D3-BF4B-00C04F79EFBC}") = "PracticeTypes", "PracticeTypes\PracticeTypes.csproj", "{18C28213-0F4D-483E-AD26-275C5F850903}"
EndProject
Project("{FAE04EC0-301F-11D3-BF4B-00C04F79EFBC}") = "AdvanceC#", "AdvanceC#\AdvanceC#.csproj", "{003545FB-7B7A-430F-A403-B0E1BD0EF847}"
EndProject
Project("{2150E333-8FDC-42A3-9474-1A3956D46DE8}") = "AdvanceC#", "AdvanceC#", "{5FFBC85F-7B0D-5FE7-19B3-3D596FB8E7C1}"
EndProject
Project("{2150E333-8FDC-42A3-9474-1A3956D46DE8}") = "Delegates", "Delegates", "{7BD27C24-575A-BFA0-7BFA-542542131D65}"
EndProject
Project("{FAE04EC0-301F-11D3-BF4B-00C04F79EFBC}") = "Delegates", "AdvanceC#\Delegates\Delegates\Delegates.csproj", "{45EDCA6D-9D26-4C7C-ACA6-AF8A6AB2F032}"
EndProject
Project("{2150E333-8FDC-42A3-9474-1A3956D46DE8}") = "Advance C#", "Advance C#", "{68BEFD0F-6AAC-1FCD-8CA2-507A1E41A43B}"
EndProject
Project("{2150E333-8FDC-42A3-9474-1A3956D46DE8}") = "Delegates", "Delegates", "{861DB7DE-8DBD-B910-CC01-0BF7281CB2C9}"
EndProject
Project("{FAE04EC0-301F-11D3-BF4B-00C04F79EFBC}") = "Delegates", "Advance C#\Delegates\Delegates\Delegates.csproj", "{E31AA5C0-73AA-478B-BFDD-C6961506D3A3}"
EndProject
Project("{FAE04EC0-301F-11D3-BF4B-00C04F79EFBC}") = "EventHandler", "Advance C#\EventHandler\EventHandler.csproj", "{898A1FFD-2464-47CA-B1B8-A9A733505251}"
EndProject
Global
	GlobalSection(SolutionConfigurationPlatforms) = preSolution
		Debug|Any CPU = Debug|Any CPU
		Debug|x64 = Debug|x64
		Debug|x86 = Debug|x86
		Release|Any CPU = Release|Any CPU
		Release|x64 = Release|x64
		Release|x86 = Release|x86
	EndGlobalSection
	GlobalSection(ProjectConfigurationPlatforms) = postSolution
		{15F4D217-723A-457F-8269-F5F9EB98844F}.Debug|Any CPU.ActiveCfg = Debug|Any CPU
		{15F4D217-723A-457F-8269-F5F9EB98844F}.Debug|Any CPU.Build.0 = Debug|Any CPU
		{15F4D217-723A-457F-8269-F5F9EB98844F}.Debug|x64.ActiveCfg = Debug|Any CPU
		{15F4D217-723A-457F-8269-F5F9EB98844F}.Debug|x64.Build.0 = Debug|Any CPU
		{15F4D217-723A-457F-8269-F5F9EB98844F}.Debug|x86.ActiveCfg = Debug|Any CPU
		{15F4D217-723A-457F-8269-F5F9EB98844F}.Debug|x86.Build.0 = Debug|Any CPU
		{15F4D217-723A-457F-8269-F5F9EB98844F}.Release|Any CPU.ActiveCfg = Release|Any CPU
		{15F4D217-723A-457F-8269-F5F9EB98844F}.Release|Any CPU.Build.0 = Release|Any CPU
		{15F4D217-723A-457F-8269-F5F9EB98844F}.Release|x64.ActiveCfg = Release|Any CPU
		{15F4D217-723A-457F-8269-F5F9EB98844F}.Release|x64.Build.0 = Release|Any CPU
		{15F4D217-723A-457F-8269-F5F9EB98844F}.Release|x86.ActiveCfg = Release|Any CPU
		{15F4D217-723A-457F-8269-F5F9EB98844F}.Release|x86.Build.0 = Release|Any CPU
		{A753B3F1-E51C-4890-9289-D9F5EC1D2D83}.Debug|Any CPU.ActiveCfg = Debug|Any CPU
		{A753B3F1-E51C-4890-9289-D9F5EC1D2D83}.Debug|Any CPU.Build.0 = Debug|Any CPU
		{A753B3F1-E51C-4890-9289-D9F5EC1D2D83}.Debug|x64.ActiveCfg = Debug|Any CPU
		{A753B3F1-E51C-4890-9289-D9F5EC1D2D83}.Debug|x64.Build.0 = Debug|Any CPU
		{A753B3F1-E51C-4890-9289-D9F5EC1D2D83}.Debug|x86.ActiveCfg = Debug|Any CPU
		{A753B3F1-E51C-4890-9289-D9F5EC1D2D83}.Debug|x86.Build.0 = Debug|Any CPU
		{A753B3F1-E51C-4890-9289-D9F5EC1D2D83}.Release|Any CPU.ActiveCfg = Release|Any CPU
		{A753B3F1-E51C-4890-9289-D9F5EC1D2D83}.Release|Any CPU.Build.0 = Release|Any CPU
		{A753B3F1-E51C-4890-9289-D9F5EC1D2D83}.Release|x64.ActiveCfg = Release|Any CPU
		{A753B3F1-E51C-4890-9289-D9F5EC1D2D83}.Release|x64.Build.0 = Release|Any CPU
		{A753B3F1-E51C-4890-9289-D9F5EC1D2D83}.Release|x86.ActiveCfg = Release|Any CPU
		{A753B3F1-E51C-4890-9289-D9F5EC1D2D83}.Release|x86.Build.0 = Release|Any CPU
		{18C28213-0F4D-483E-AD26-275C5F850903}.Debug|Any CPU.ActiveCfg = Debug|Any CPU
		{18C28213-0F4D-483E-AD26-275C5F850903}.Debug|Any CPU.Build.0 = Debug|Any CPU
		{18C28213-0F4D-483E-AD26-275C5F850903}.Debug|x64.ActiveCfg = Debug|Any CPU
		{18C28213-0F4D-483E-AD26-275C5F850903}.Debug|x64.Build.0 = Debug|Any CPU
		{18C28213-0F4D-483E-AD26-275C5F850903}.Debug|x86.ActiveCfg = Debug|Any CPU
		{18C28213-0F4D-483E-AD26-275C5F850903}.Debug|x86.Build.0 = Debug|Any CPU
		{18C28213-0F4D-483E-AD26-275C5F850903}.Release|Any CPU.ActiveCfg = Release|Any CPU
		{18C28213-0F4D-483E-AD26-275C5F850903}.Release|Any CPU.Build.0 = Release|Any CPU
		{18C28213-0F4D-483E-AD26-275C5F850903}.Release|x64.ActiveCfg = Release|Any CPU
		{18C28213-0F4D-483E-AD26-275C5F850903}.Release|x64.Build.0 = Release|Any CPU
		{18C28213-0F4D-483E-AD26-275C5F850903}.Release|x86.ActiveCfg = Release|Any CPU
		{18C28213-0F4D-483E-AD26-275C5F850903}.Release|x86.Build.0 = Release|Any CPU
		{003545FB-7B7A-430F-A403-B0E1BD0EF847}.Debug|Any CPU.ActiveCfg = Debug|Any CPU
		{003545FB-7B7A-430F-A403-B0E1BD0EF847}.Debug|Any CPU.Build.0 = Debug|Any CPU
		{003545FB-7B7A-430F-A403-B0E1BD0EF847}.Debug|x64.ActiveCfg = Debug|Any CPU
		{003545FB-7B7A-430F-A403-B0E1BD0EF847}.Debug|x64.Build.0 = Debug|Any CPU
		{003545FB-7B7A-430F-A403-B0E1BD0EF847}.Debug|x86.ActiveCfg = Debug|Any CPU
		{003545FB-7B7A-430F-A403-B0E1BD0EF847}.Debug|x86.Build.0 = Debug|Any CPU
		{003545FB-7B7A-430F-A403-B0E1BD0EF847}.Release|Any CPU.ActiveCfg = Release|Any CPU
		{003545FB-7B7A-430F-A403-B0E1BD0EF847}.Release|Any CPU.Build.0 = Release|Any CPU
		{003545FB-7B7A-430F-A403-B0E1BD0EF847}.Release|x64.ActiveCfg = Release|Any CPU
		{003545FB-7B7A-430F-A403-B0E1BD0EF847}.Release|x64.Build.0 = Release|Any CPU
		{003545FB-7B7A-430F-A403-B0E1BD0EF847}.Release|x86.ActiveCfg = Release|Any CPU
		{003545FB-7B7A-430F-A403-B0E1BD0EF847}.Release|x86.Build.0 = Release|Any CPU
		{45EDCA6D-9D26-4C7C-ACA6-AF8A6AB2F032}.Debug|Any CPU.ActiveCfg = Debug|Any CPU
		{45EDCA6D-9D26-4C7C-ACA6-AF8A6AB2F032}.Debug|Any CPU.Build.0 = Debug|Any CPU
		{45EDCA6D-9D26-4C7C-ACA6-AF8A6AB2F032}.Debug|x64.ActiveCfg = Debug|Any CPU
		{45EDCA6D-9D26-4C7C-ACA6-AF8A6AB2F032}.Debug|x64.Build.0 = Debug|Any CPU
		{45EDCA6D-9D26-4C7C-ACA6-AF8A6AB2F032}.Debug|x86.ActiveCfg = Debug|Any CPU
		{45EDCA6D-9D26-4C7C-ACA6-AF8A6AB2F032}.Debug|x86.Build.0 = Debug|Any CPU
		{45EDCA6D-9D26-4C7C-ACA6-AF8A6AB2F032}.Release|Any CPU.ActiveCfg = Release|Any CPU
		{45EDCA6D-9D26-4C7C-ACA6-AF8A6AB2F032}.Release|Any CPU.Build.0 = Release|Any CPU
		{45EDCA6D-9D26-4C7C-ACA6-AF8A6AB2F032}.Release|x64.ActiveCfg = Release|Any CPU
		{45EDCA6D-9D26-4C7C-ACA6-AF8A6AB2F032}.Release|x64.Build.0 = Release|Any CPU
		{45EDCA6D-9D26-4C7C-ACA6-AF8A6AB2F032}.Release|x86.ActiveCfg = Release|Any CPU
		{45EDCA6D-9D26-4C7C-ACA6-AF8A6AB2F032}.Release|x86.Build.0 = Release|Any CPU
		{E31AA5C0-73AA-478B-BFDD-C6961506D3A3}.Debug|Any CPU.ActiveCfg = Debug|Any CPU
		{E31AA5C0-73AA-478B-BFDD-C6961506D3A3}.Debug|Any CPU.Build.0 = Debug|Any CPU
		{E31AA5C0-73AA-478B-BFDD-C6961506D3A3}.Debug|x64.ActiveCfg = Debug|Any CPU
		{E31AA5C0-73AA-478B-BFDD-C6961506D3A3}.Debug|x64.Build.0 = Debug|Any CPU
		{E31AA5C0-73AA-478B-BFDD-C6961506D3A3}.Debug|x86.ActiveCfg = Debug|Any CPU
		{E31AA5C0-73AA-478B-BFDD-C6961506D3A3}.Debug|x86.Build.0 = Debug|Any CPU
		{E31AA5C0-73AA-478B-BFDD-C6961506D3A3}.Release|Any CPU.ActiveCfg = Release|Any CPU
		{E31AA5C0-73AA-478B-BFDD-C6961506D3A3}.Release|Any CPU.Build.0 = Release|Any CPU
		{E31AA5C0-73AA-478B-BFDD-C6961506D3A3}.Release|x64.ActiveCfg = Release|Any CPU
		{E31AA5C0-73AA-478B-BFDD-C6961506D3A3}.Release|x64.Build.0 = Release|Any CPU
		{E31AA5C0-73AA-478B-BFDD-C6961506D3A3}.Release|x86.ActiveCfg = Release|Any CPU
		{E31AA5C0-73AA-478B-BFDD-C6961506D3A3}.Release|x86.Build.0 = Release|Any CPU
		{898A1FFD-2464-47CA-B1B8-A9A733505251}.Debug|Any CPU.ActiveCfg = Debug|Any CPU
		{898A1FFD-2464-47CA-B1B8-A9A733505251}.Debug|Any CPU.Build.0 = Debug|Any CPU
		{898A1FFD-2464-47CA-B1B8-A9A733505251}.Debug|x64.ActiveCfg = Debug|Any CPU
		{898A1FFD-2464-47CA-B1B8-A9A733505251}.Debug|x64.Build.0 = Debug|Any CPU
		{898A1FFD-2464-47CA-B1B8-A9A733505251}.Debug|x86.ActiveCfg = Debug|Any CPU
		{898A1FFD-2464-47CA-B1B8-A9A733505251}.Debug|x86.Build.0 = Debug|Any CPU
		{898A1FFD-2464-47CA-B1B8-A9A733505251}.Release|Any CPU.ActiveCfg = Release|Any CPU
		{898A1FFD-2464-47CA-B1B8-A9A733505251}.Release|Any CPU.Build.0 = Release|Any CPU
		{898A1FFD-2464-47CA-B1B8-A9A733505251}.Release|x64.ActiveCfg = Release|Any CPU
		{898A1FFD-2464-47CA-B1B8-A9A733505251}.Release|x64.Build.0 = Release|Any CPU
		{898A1FFD-2464-47CA-B1B8-A9A733505251}.Release|x86.ActiveCfg = Release|Any CPU
		{898A1FFD-2464-47CA-B1B8-A9A733505251}.Release|x86.Build.0 = Release|Any CPU
	EndGlobalSection
	GlobalSection(SolutionProperties) = preSolution
		HideSolutionNode = FALSE
	EndGlobalSection
	GlobalSection(NestedProjects) = preSolution
		{7BD27C24-575A-BFA0-7BFA-542542131D65} = {5FFBC85F-7B0D-5FE7-19B3-3D596FB8E7C1}
		{45EDCA6D-9D26-4C7C-ACA6-AF8A6AB2F032} = {7BD27C24-575A-BFA0-7BFA-542542131D65}
		{861DB7DE-8DBD-B910-CC01-0BF7281CB2C9} = {68BEFD0F-6AAC-1FCD-8CA2-507A1E41A43B}
		{E31AA5C0-73AA-478B-BFDD-C6961506D3A3} = {861DB7DE-8DBD-B910-CC01-0BF7281CB2C9}
		{898A1FFD-2464-47CA-B1B8-A9A733505251} = {68BEFD0F-6AAC-1FCD-8CA2-507A1E41A43B}
	EndGlobalSection
EndGlobal
