
Microsoft Visual Studio Solution File, Format Version 12.00
# Visual Studio Version 17
VisualStudioVersion = 17.0.31903.59
MinimumVisualStudioVersion = 10.0.40219.1
Project("{FAE04EC0-301F-11D3-BF4B-00C04F79EFBC}") = "Banking.Domain", "Banking.Domain\Banking.Domain.csproj", "{77C7E15F-A115-4F6C-A908-7030913B1C07}"
EndProject
Project("{FAE04EC0-301F-11D3-BF4B-00C04F79EFBC}") = "Banking.Tests", "Banking.Tests\Banking.Tests.csproj", "{9C38433B-7790-476F-A828-3C63F8F036C4}"
EndProject
Project("{FAE04EC0-301F-11D3-BF4B-00C04F79EFBC}") = "Banking.App", "Banking.App\Banking.App.csproj", "{2D8D1D9A-C67C-44E5-8CDE-E63008FC972A}"
EndProject
Global
	GlobalSection(SolutionConfigurationPlatforms) = preSolution
		Debug|Any CPU = Debug|Any CPU
		Debug|x64 = Debug|x64
		Debug|x86 = Debug|x86
		Release|Any CPU = Release|Any CPU
		Release|x64 = Release|x64
		Release|x86 = Release|x86
	EndGlobalSection
	GlobalSection(ProjectConfigurationPlatforms) = postSolution
		{77C7E15F-A115-4F6C-A908-7030913B1C07}.Debug|Any CPU.ActiveCfg = Debug|Any CPU
		{77C7E15F-A115-4F6C-A908-7030913B1C07}.Debug|Any CPU.Build.0 = Debug|Any CPU
		{77C7E15F-A115-4F6C-A908-7030913B1C07}.Debug|x64.ActiveCfg = Debug|Any CPU
		{77C7E15F-A115-4F6C-A908-7030913B1C07}.Debug|x64.Build.0 = Debug|Any CPU
		{77C7E15F-A115-4F6C-A908-7030913B1C07}.Debug|x86.ActiveCfg = Debug|Any CPU
		{77C7E15F-A115-4F6C-A908-7030913B1C07}.Debug|x86.Build.0 = Debug|Any CPU
		{77C7E15F-A115-4F6C-A908-7030913B1C07}.Release|Any CPU.ActiveCfg = Release|Any CPU
		{77C7E15F-A115-4F6C-A908-7030913B1C07}.Release|Any CPU.Build.0 = Release|Any CPU
		{77C7E15F-A115-4F6C-A908-7030913B1C07}.Release|x64.ActiveCfg = Release|Any CPU
		{77C7E15F-A115-4F6C-A908-7030913B1C07}.Release|x64.Build.0 = Release|Any CPU
		{77C7E15F-A115-4F6C-A908-7030913B1C07}.Release|x86.ActiveCfg = Release|Any CPU
		{77C7E15F-A115-4F6C-A908-7030913B1C07}.Release|x86.Build.0 = Release|Any CPU
		{9C38433B-7790-476F-A828-3C63F8F036C4}.Debug|Any CPU.ActiveCfg = Debug|Any CPU
		{9C38433B-7790-476F-A828-3C63F8F036C4}.Debug|Any CPU.Build.0 = Debug|Any CPU
		{9C38433B-7790-476F-A828-3C63F8F036C4}.Debug|x64.ActiveCfg = Debug|Any CPU
		{9C38433B-7790-476F-A828-3C63F8F036C4}.Debug|x64.Build.0 = Debug|Any CPU
		{9C38433B-7790-476F-A828-3C63F8F036C4}.Debug|x86.ActiveCfg = Debug|Any CPU
		{9C38433B-7790-476F-A828-3C63F8F036C4}.Debug|x86.Build.0 = Debug|Any CPU
		{9C38433B-7790-476F-A828-3C63F8F036C4}.Release|Any CPU.ActiveCfg = Release|Any CPU
		{9C38433B-7790-476F-A828-3C63F8F036C4}.Release|Any CPU.Build.0 = Release|Any CPU
		{9C38433B-7790-476F-A828-3C63F8F036C4}.Release|x64.ActiveCfg = Release|Any CPU
		{9C38433B-7790-476F-A828-3C63F8F036C4}.Release|x64.Build.0 = Release|Any CPU
		{9C38433B-7790-476F-A828-3C63F8F036C4}.Release|x86.ActiveCfg = Release|Any CPU
		{9C38433B-7790-476F-A828-3C63F8F036C4}.Release|x86.Build.0 = Release|Any CPU
		{2D8D1D9A-C67C-44E5-8CDE-E63008FC972A}.Debug|Any CPU.ActiveCfg = Debug|Any CPU
		{2D8D1D9A-C67C-44E5-8CDE-E63008FC972A}.Debug|Any CPU.Build.0 = Debug|Any CPU
		{2D8D1D9A-C67C-44E5-8CDE-E63008FC972A}.Debug|x64.ActiveCfg = Debug|Any CPU
		{2D8D1D9A-C67C-44E5-8CDE-E63008FC972A}.Debug|x64.Build.0 = Debug|Any CPU
		{2D8D1D9A-C67C-44E5-8CDE-E63008FC972A}.Debug|x86.ActiveCfg = Debug|Any CPU
		{2D8D1D9A-C67C-44E5-8CDE-E63008FC972A}.Debug|x86.Build.0 = Debug|Any CPU
		{2D8D1D9A-C67C-44E5-8CDE-E63008FC972A}.Release|Any CPU.ActiveCfg = Release|Any CPU
		{2D8D1D9A-C67C-44E5-8CDE-E63008FC972A}.Release|Any CPU.Build.0 = Release|Any CPU
		{2D8D1D9A-C67C-44E5-8CDE-E63008FC972A}.Release|x64.ActiveCfg = Release|Any CPU
		{2D8D1D9A-C67C-44E5-8CDE-E63008FC972A}.Release|x64.Build.0 = Release|Any CPU
		{2D8D1D9A-C67C-44E5-8CDE-E63008FC972A}.Release|x86.ActiveCfg = Release|Any CPU
		{2D8D1D9A-C67C-44E5-8CDE-E63008FC972A}.Release|x86.Build.0 = Release|Any CPU
	EndGlobalSection
	GlobalSection(SolutionProperties) = preSolution
		HideSolutionNode = FALSE
	EndGlobalSection
EndGlobal
